// !$*UTF8*$!
{
	archiveVersion = 1;
	classes = {
	};
	objectVersion = 56;
	objects = {

/* Begin PBXBuildFile section */
		8E4920B02B8BB44F006AE8B4 /* HotelsDataManager.swift in Sources */ = {isa = PBXBuildFile; fileRef = 8E4920AF2B8BB44F006AE8B4 /* HotelsDataManager.swift */; };
		8E4920B22B8BCEC8006AE8B4 /* HotelsStackView.swift in Sources */ = {isa = PBXBuildFile; fileRef = 8E4920B12B8BCEC8006AE8B4 /* HotelsStackView.swift */; };
		8E4920B42B8BEE48006AE8B4 /* HotelsHomeSearchView.swift in Sources */ = {isa = PBXBuildFile; fileRef = 8E4920B32B8BEE48006AE8B4 /* HotelsHomeSearchView.swift */; };
		8E4920B62B8BFE11006AE8B4 /* HotelsLabel.swift in Sources */ = {isa = PBXBuildFile; fileRef = 8E4920B52B8BFE11006AE8B4 /* HotelsLabel.swift */; };
		8E4920B82B8C00D1006AE8B4 /* HotelsTextField.swift in Sources */ = {isa = PBXBuildFile; fileRef = 8E4920B72B8C00D1006AE8B4 /* HotelsTextField.swift */; };
		8E4920BA2B8C22FB006AE8B4 /* HotelsSearchButton.swift in Sources */ = {isa = PBXBuildFile; fileRef = 8E4920B92B8C22FB006AE8B4 /* HotelsSearchButton.swift */; };
		8E4920BC2B8C3835006AE8B4 /* HotelsWelcomeArticleView.swift in Sources */ = {isa = PBXBuildFile; fileRef = 8E4920BB2B8C3835006AE8B4 /* HotelsWelcomeArticleView.swift */; };
		8E7639E32B8E75040029A38D /* HotelsSignInView.swift in Sources */ = {isa = PBXBuildFile; fileRef = 8E7639E22B8E75040029A38D /* HotelsSignInView.swift */; };
		8E7639E52B8E7CC60029A38D /* HotelsMainArticleView.swift in Sources */ = {isa = PBXBuildFile; fileRef = 8E7639E42B8E7CC60029A38D /* HotelsMainArticleView.swift */; };
		8E7639E72B8EB9BA0029A38D /* HotelsSubArticleView.swift in Sources */ = {isa = PBXBuildFile; fileRef = 8E7639E62B8EB9BA0029A38D /* HotelsSubArticleView.swift */; };
		8E7FCC2B2B8A3851002FE4FE /* AppDelegate.swift in Sources */ = {isa = PBXBuildFile; fileRef = 8E7FCC2A2B8A3851002FE4FE /* AppDelegate.swift */; };
		8E7FCC2D2B8A3851002FE4FE /* SceneDelegate.swift in Sources */ = {isa = PBXBuildFile; fileRef = 8E7FCC2C2B8A3851002FE4FE /* SceneDelegate.swift */; };
		8E7FCC2F2B8A3851002FE4FE /* HotelsHomeViewController.swift in Sources */ = {isa = PBXBuildFile; fileRef = 8E7FCC2E2B8A3851002FE4FE /* HotelsHomeViewController.swift */; };
		8E7FCC342B8A3852002FE4FE /* Assets.xcassets in Resources */ = {isa = PBXBuildFile; fileRef = 8E7FCC332B8A3852002FE4FE /* Assets.xcassets */; };
		8E7FCC372B8A3852002FE4FE /* LaunchScreen.storyboard in Resources */ = {isa = PBXBuildFile; fileRef = 8E7FCC352B8A3852002FE4FE /* LaunchScreen.storyboard */; };
		8E7FCC3F2B8A791E002FE4FE /* Hotels_NavigationBar.swift in Sources */ = {isa = PBXBuildFile; fileRef = 8E7FCC3E2B8A791E002FE4FE /* Hotels_NavigationBar.swift */; };
		8E7FCC422B8A794E002FE4FE /* SnapKit in Frameworks */ = {isa = PBXBuildFile; productRef = 8E7FCC412B8A794E002FE4FE /* SnapKit */; };
		8E7FCC442B8A794E002FE4FE /* SnapKit-Dynamic in Frameworks */ = {isa = PBXBuildFile; productRef = 8E7FCC432B8A794E002FE4FE /* SnapKit-Dynamic */; };
/* End PBXBuildFile section */

/* Begin PBXFileReference section */
		8E4920AF2B8BB44F006AE8B4 /* HotelsDataManager.swift */ = {isa = PBXFileReference; lastKnownFileType = sourcecode.swift; path = HotelsDataManager.swift; sourceTree = "<group>"; };
		8E4920B12B8BCEC8006AE8B4 /* HotelsStackView.swift */ = {isa = PBXFileReference; lastKnownFileType = sourcecode.swift; path = HotelsStackView.swift; sourceTree = "<group>"; };
		8E4920B32B8BEE48006AE8B4 /* HotelsHomeSearchView.swift */ = {isa = PBXFileReference; lastKnownFileType = sourcecode.swift; path = HotelsHomeSearchView.swift; sourceTree = "<group>"; };
		8E4920B52B8BFE11006AE8B4 /* HotelsLabel.swift */ = {isa = PBXFileReference; lastKnownFileType = sourcecode.swift; path = HotelsLabel.swift; sourceTree = "<group>"; };
		8E4920B72B8C00D1006AE8B4 /* HotelsTextField.swift */ = {isa = PBXFileReference; lastKnownFileType = sourcecode.swift; path = HotelsTextField.swift; sourceTree = "<group>"; };
		8E4920B92B8C22FB006AE8B4 /* HotelsSearchButton.swift */ = {isa = PBXFileReference; lastKnownFileType = sourcecode.swift; path = HotelsSearchButton.swift; sourceTree = "<group>"; };
		8E4920BB2B8C3835006AE8B4 /* HotelsWelcomeArticleView.swift */ = {isa = PBXFileReference; lastKnownFileType = sourcecode.swift; path = HotelsWelcomeArticleView.swift; sourceTree = "<group>"; };
		8E7639E22B8E75040029A38D /* HotelsSignInView.swift */ = {isa = PBXFileReference; lastKnownFileType = sourcecode.swift; path = HotelsSignInView.swift; sourceTree = "<group>"; };
		8E7639E42B8E7CC60029A38D /* HotelsMainArticleView.swift */ = {isa = PBXFileReference; lastKnownFileType = sourcecode.swift; path = HotelsMainArticleView.swift; sourceTree = "<group>"; };
		8E7639E62B8EB9BA0029A38D /* HotelsSubArticleView.swift */ = {isa = PBXFileReference; lastKnownFileType = sourcecode.swift; path = HotelsSubArticleView.swift; sourceTree = "<group>"; };
		8E7FCC272B8A3851002FE4FE /* hotels.app */ = {isa = PBXFileReference; explicitFileType = wrapper.application; includeInIndex = 0; path = hotels.app; sourceTree = BUILT_PRODUCTS_DIR; };
		8E7FCC2A2B8A3851002FE4FE /* AppDelegate.swift */ = {isa = PBXFileReference; lastKnownFileType = sourcecode.swift; path = AppDelegate.swift; sourceTree = "<group>"; };
		8E7FCC2C2B8A3851002FE4FE /* SceneDelegate.swift */ = {isa = PBXFileReference; lastKnownFileType = sourcecode.swift; path = SceneDelegate.swift; sourceTree = "<group>"; };
		8E7FCC2E2B8A3851002FE4FE /* HotelsHomeViewController.swift */ = {isa = PBXFileReference; lastKnownFileType = sourcecode.swift; path = HotelsHomeViewController.swift; sourceTree = "<group>"; };
		8E7FCC332B8A3852002FE4FE /* Assets.xcassets */ = {isa = PBXFileReference; lastKnownFileType = folder.assetcatalog; path = Assets.xcassets; sourceTree = "<group>"; };
		8E7FCC362B8A3852002FE4FE /* Base */ = {isa = PBXFileReference; lastKnownFileType = file.storyboard; name = Base; path = Base.lproj/LaunchScreen.storyboard; sourceTree = "<group>"; };
		8E7FCC382B8A3852002FE4FE /* Info.plist */ = {isa = PBXFileReference; lastKnownFileType = text.plist.xml; path = Info.plist; sourceTree = "<group>"; };
		8E7FCC3E2B8A791E002FE4FE /* Hotels_NavigationBar.swift */ = {isa = PBXFileReference; fileEncoding = 4; lastKnownFileType = sourcecode.swift; path = Hotels_NavigationBar.swift; sourceTree = "<group>"; };
/* End PBXFileReference section */

/* Begin PBXFrameworksBuildPhase section */
		8E7FCC242B8A3851002FE4FE /* Frameworks */ = {
			isa = PBXFrameworksBuildPhase;
			buildActionMask = 2147483647;
			files = (
				8E7FCC422B8A794E002FE4FE /* SnapKit in Frameworks */,
				8E7FCC442B8A794E002FE4FE /* SnapKit-Dynamic in Frameworks */,
			);
			runOnlyForDeploymentPostprocessing = 0;
		};
/* End PBXFrameworksBuildPhase section */

/* Begin PBXGroup section */
		8E7FCC1E2B8A3851002FE4FE = {
			isa = PBXGroup;
			children = (
				8E7FCC292B8A3851002FE4FE /* hotels */,
				8E7FCC282B8A3851002FE4FE /* Products */,
			);
			sourceTree = "<group>";
		};
		8E7FCC282B8A3851002FE4FE /* Products */ = {
			isa = PBXGroup;
			children = (
				8E7FCC272B8A3851002FE4FE /* hotels.app */,
			);
			name = Products;
			sourceTree = "<group>";
		};
		8E7FCC292B8A3851002FE4FE /* hotels */ = {
			isa = PBXGroup;
			children = (
				8E7FCC2A2B8A3851002FE4FE /* AppDelegate.swift */,
				8E7FCC2C2B8A3851002FE4FE /* SceneDelegate.swift */,
				8E7FCC2E2B8A3851002FE4FE /* HotelsHomeViewController.swift */,
				8E7639E22B8E75040029A38D /* HotelsSignInView.swift */,
				8E4920AF2B8BB44F006AE8B4 /* HotelsDataManager.swift */,
				8E7FCC3E2B8A791E002FE4FE /* Hotels_NavigationBar.swift */,
				8E4920B32B8BEE48006AE8B4 /* HotelsHomeSearchView.swift */,
				8E4920BB2B8C3835006AE8B4 /* HotelsWelcomeArticleView.swift */,
				8E7639E42B8E7CC60029A38D /* HotelsMainArticleView.swift */,
				8E7639E62B8EB9BA0029A38D /* HotelsSubArticleView.swift */,
				8E4920B12B8BCEC8006AE8B4 /* HotelsStackView.swift */,
				8E4920B92B8C22FB006AE8B4 /* HotelsSearchButton.swift */,
				8E4920B72B8C00D1006AE8B4 /* HotelsTextField.swift */,
				8E4920B52B8BFE11006AE8B4 /* HotelsLabel.swift */,
				8E7FCC332B8A3852002FE4FE /* Assets.xcassets */,
				8E7FCC352B8A3852002FE4FE /* LaunchScreen.storyboard */,
				8E7FCC382B8A3852002FE4FE /* Info.plist */,
			);
			path = hotels;
			sourceTree = "<group>";
		};
/* End PBXGroup section */

/* Begin PBXNativeTarget section */
		8E7FCC262B8A3851002FE4FE /* hotels */ = {
			isa = PBXNativeTarget;
			buildConfigurationList = 8E7FCC3B2B8A3852002FE4FE /* Build configuration list for PBXNativeTarget "hotels" */;
			buildPhases = (
				8E7FCC232B8A3851002FE4FE /* Sources */,
				8E7FCC242B8A3851002FE4FE /* Frameworks */,
				8E7FCC252B8A3851002FE4FE /* Resources */,
			);
			buildRules = (
			);
			dependencies = (
			);
			name = hotels;
			packageProductDependencies = (
				8E7FCC412B8A794E002FE4FE /* SnapKit */,
				8E7FCC432B8A794E002FE4FE /* SnapKit-Dynamic */,
			);
			productName = hotels;
			productReference = 8E7FCC272B8A3851002FE4FE /* hotels.app */;
			productType = "com.apple.product-type.application";
		};
/* End PBXNativeTarget section */

/* Begin PBXProject section */
		8E7FCC1F2B8A3851002FE4FE /* Project object */ = {
			isa = PBXProject;
			attributes = {
				BuildIndependentTargetsInParallel = 1;
				LastSwiftUpdateCheck = 1500;
				LastUpgradeCheck = 1500;
				TargetAttributes = {
					8E7FCC262B8A3851002FE4FE = {
						CreatedOnToolsVersion = 15.0.1;
					};
				};
			};
			buildConfigurationList = 8E7FCC222B8A3851002FE4FE /* Build configuration list for PBXProject "hotels" */;
			compatibilityVersion = "Xcode 14.0";
			developmentRegion = en;
			hasScannedForEncodings = 0;
			knownRegions = (
				en,
				Base,
			);
			mainGroup = 8E7FCC1E2B8A3851002FE4FE;
			packageReferences = (
				8E7FCC402B8A794E002FE4FE /* XCRemoteSwiftPackageReference "SnapKit" */,
			);
			productRefGroup = 8E7FCC282B8A3851002FE4FE /* Products */;
			projectDirPath = "";
			projectRoot = "";
			targets = (
				8E7FCC262B8A3851002FE4FE /* hotels */,
			);
		};
/* End PBXProject section */

/* Begin PBXResourcesBuildPhase section */
		8E7FCC252B8A3851002FE4FE /* Resources */ = {
			isa = PBXResourcesBuildPhase;
			buildActionMask = 2147483647;
			files = (
				8E7FCC372B8A3852002FE4FE /* LaunchScreen.storyboard in Resources */,
				8E7FCC342B8A3852002FE4FE /* Assets.xcassets in Resources */,
			);
			runOnlyForDeploymentPostprocessing = 0;
		};
/* End PBXResourcesBuildPhase section */

/* Begin PBXSourcesBuildPhase section */
		8E7FCC232B8A3851002FE4FE /* Sources */ = {
			isa = PBXSourcesBuildPhase;
			buildActionMask = 2147483647;
			files = (
				8E4920B22B8BCEC8006AE8B4 /* HotelsStackView.swift in Sources */,
				8E7FCC2F2B8A3851002FE4FE /* HotelsHomeViewController.swift in Sources */,
				8E4920B02B8BB44F006AE8B4 /* HotelsDataManager.swift in Sources */,
				8E7639E72B8EB9BA0029A38D /* HotelsSubArticleView.swift in Sources */,
				8E7639E32B8E75040029A38D /* HotelsSignInView.swift in Sources */,
				8E4920B62B8BFE11006AE8B4 /* HotelsLabel.swift in Sources */,
				8E4920B42B8BEE48006AE8B4 /* HotelsHomeSearchView.swift in Sources */,
				8E4920BC2B8C3835006AE8B4 /* HotelsWelcomeArticleView.swift in Sources */,
				8E4920BA2B8C22FB006AE8B4 /* HotelsSearchButton.swift in Sources */,
				8E7639E52B8E7CC60029A38D /* HotelsMainArticleView.swift in Sources */,
				8E7FCC2B2B8A3851002FE4FE /* AppDelegate.swift in Sources */,
				8E7FCC3F2B8A791E002FE4FE /* Hotels_NavigationBar.swift in Sources */,
				8E7FCC2D2B8A3851002FE4FE /* SceneDelegate.swift in Sources */,
				8E4920B82B8C00D1006AE8B4 /* HotelsTextField.swift in Sources */,
			);
			runOnlyForDeploymentPostprocessing = 0;
		};
/* End PBXSourcesBuildPhase section */

/* Begin PBXVariantGroup section */
		8E7FCC352B8A3852002FE4FE /* LaunchScreen.storyboard */ = {
			isa = PBXVariantGroup;
			children = (
				8E7FCC362B8A3852002FE4FE /* Base */,
			);
			name = LaunchScreen.storyboard;
			sourceTree = "<group>";
		};
/* End PBXVariantGroup section */

/* Begin XCBuildConfiguration section */
		8E7FCC392B8A3852002FE4FE /* Debug */ = {
			isa = XCBuildConfiguration;
			buildSettings = {
				ALWAYS_SEARCH_USER_PATHS = NO;
				ASSETCATALOG_COMPILER_GENERATE_SWIFT_ASSET_SYMBOL_EXTENSIONS = YES;
				CLANG_ANALYZER_NONNULL = YES;
				CLANG_ANALYZER_NUMBER_OBJECT_CONVERSION = YES_AGGRESSIVE;
				CLANG_CXX_LANGUAGE_STANDARD = "gnu++20";
				CLANG_ENABLE_MODULES = YES;
				CLANG_ENABLE_OBJC_ARC = YES;
				CLANG_ENABLE_OBJC_WEAK = YES;
				CLANG_WARN_BLOCK_CAPTURE_AUTORELEASING = YES;
				CLANG_WARN_BOOL_CONVERSION = YES;
				CLANG_WARN_COMMA = YES;
				CLANG_WARN_CONSTANT_CONVERSION = YES;
				CLANG_WARN_DEPRECATED_OBJC_IMPLEMENTATIONS = YES;
				CLANG_WARN_DIRECT_OBJC_ISA_USAGE = YES_ERROR;
				CLANG_WARN_DOCUMENTATION_COMMENTS = YES;
				CLANG_WARN_EMPTY_BODY = YES;
				CLANG_WARN_ENUM_CONVERSION = YES;
				CLANG_WARN_INFINITE_RECURSION = YES;
				CLANG_WARN_INT_CONVERSION = YES;
				CLANG_WARN_NON_LITERAL_NULL_CONVERSION = YES;
				CLANG_WARN_OBJC_IMPLICIT_RETAIN_SELF = YES;
				CLANG_WARN_OBJC_LITERAL_CONVERSION = YES;
				CLANG_WARN_OBJC_ROOT_CLASS = YES_ERROR;
				CLANG_WARN_QUOTED_INCLUDE_IN_FRAMEWORK_HEADER = YES;
				CLANG_WARN_RANGE_LOOP_ANALYSIS = YES;
				CLANG_WARN_STRICT_PROTOTYPES = YES;
				CLANG_WARN_SUSPICIOUS_MOVE = YES;
				CLANG_WARN_UNGUARDED_AVAILABILITY = YES_AGGRESSIVE;
				CLANG_WARN_UNREACHABLE_CODE = YES;
				CLANG_WARN__DUPLICATE_METHOD_MATCH = YES;
				COPY_PHASE_STRIP = NO;
				DEBUG_INFORMATION_FORMAT = dwarf;
				ENABLE_STRICT_OBJC_MSGSEND = YES;
				ENABLE_TESTABILITY = YES;
				ENABLE_USER_SCRIPT_SANDBOXING = YES;
				GCC_C_LANGUAGE_STANDARD = gnu17;
				GCC_DYNAMIC_NO_PIC = NO;
				GCC_NO_COMMON_BLOCKS = YES;
				GCC_OPTIMIZATION_LEVEL = 0;
				GCC_PREPROCESSOR_DEFINITIONS = (
					"DEBUG=1",
					"$(inherited)",
				);
				GCC_WARN_64_TO_32_BIT_CONVERSION = YES;
				GCC_WARN_ABOUT_RETURN_TYPE = YES_ERROR;
				GCC_WARN_UNDECLARED_SELECTOR = YES;
				GCC_WARN_UNINITIALIZED_AUTOS = YES_AGGRESSIVE;
				GCC_WARN_UNUSED_FUNCTION = YES;
				GCC_WARN_UNUSED_VARIABLE = YES;
				IPHONEOS_DEPLOYMENT_TARGET = 17.0;
				LOCALIZATION_PREFERS_STRING_CATALOGS = YES;
				MTL_ENABLE_DEBUG_INFO = INCLUDE_SOURCE;
				MTL_FAST_MATH = YES;
				ONLY_ACTIVE_ARCH = YES;
				SDKROOT = iphoneos;
				SWIFT_ACTIVE_COMPILATION_CONDITIONS = "DEBUG $(inherited)";
				SWIFT_OPTIMIZATION_LEVEL = "-Onone";
			};
			name = Debug;
		};
		8E7FCC3A2B8A3852002FE4FE /* Release */ = {
			isa = XCBuildConfiguration;
			buildSettings = {
				ALWAYS_SEARCH_USER_PATHS = NO;
				ASSETCATALOG_COMPILER_GENERATE_SWIFT_ASSET_SYMBOL_EXTENSIONS = YES;
				CLANG_ANALYZER_NONNULL = YES;
				CLANG_ANALYZER_NUMBER_OBJECT_CONVERSION = YES_AGGRESSIVE;
				CLANG_CXX_LANGUAGE_STANDARD = "gnu++20";
				CLANG_ENABLE_MODULES = YES;
				CLANG_ENABLE_OBJC_ARC = YES;
				CLANG_ENABLE_OBJC_WEAK = YES;
				CLANG_WARN_BLOCK_CAPTURE_AUTORELEASING = YES;
				CLANG_WARN_BOOL_CONVERSION = YES;
				CLANG_WARN_COMMA = YES;
				CLANG_WARN_CONSTANT_CONVERSION = YES;
				CLANG_WARN_DEPRECATED_OBJC_IMPLEMENTATIONS = YES;
				CLANG_WARN_DIRECT_OBJC_ISA_USAGE = YES_ERROR;
				CLANG_WARN_DOCUMENTATION_COMMENTS = YES;
				CLANG_WARN_EMPTY_BODY = YES;
				CLANG_WARN_ENUM_CONVERSION = YES;
				CLANG_WARN_INFINITE_RECURSION = YES;
				CLANG_WARN_INT_CONVERSION = YES;
				CLANG_WARN_NON_LITERAL_NULL_CONVERSION = YES;
				CLANG_WARN_OBJC_IMPLICIT_RETAIN_SELF = YES;
				CLANG_WARN_OBJC_LITERAL_CONVERSION = YES;
				CLANG_WARN_OBJC_ROOT_CLASS = YES_ERROR;
				CLANG_WARN_QUOTED_INCLUDE_IN_FRAMEWORK_HEADER = YES;
				CLANG_WARN_RANGE_LOOP_ANALYSIS = YES;
				CLANG_WARN_STRICT_PROTOTYPES = YES;
				CLANG_WARN_SUSPICIOUS_MOVE = YES;
				CLANG_WARN_UNGUARDED_AVAILABILITY = YES_AGGRESSIVE;
				CLANG_WARN_UNREACHABLE_CODE = YES;
				CLANG_WARN__DUPLICATE_METHOD_MATCH = YES;
				COPY_PHASE_STRIP = NO;
				DEBUG_INFORMATION_FORMAT = "dwarf-with-dsym";
				ENABLE_NS_ASSERTIONS = NO;
				ENABLE_STRICT_OBJC_MSGSEND = YES;
				ENABLE_USER_SCRIPT_SANDBOXING = YES;
				GCC_C_LANGUAGE_STANDARD = gnu17;
				GCC_NO_COMMON_BLOCKS = YES;
				GCC_WARN_64_TO_32_BIT_CONVERSION = YES;
				GCC_WARN_ABOUT_RETURN_TYPE = YES_ERROR;
				GCC_WARN_UNDECLARED_SELECTOR = YES;
				GCC_WARN_UNINITIALIZED_AUTOS = YES_AGGRESSIVE;
				GCC_WARN_UNUSED_FUNCTION = YES;
				GCC_WARN_UNUSED_VARIABLE = YES;
				IPHONEOS_DEPLOYMENT_TARGET = 17.0;
				LOCALIZATION_PREFERS_STRING_CATALOGS = YES;
				MTL_ENABLE_DEBUG_INFO = NO;
				MTL_FAST_MATH = YES;
				SDKROOT = iphoneos;
				SWIFT_COMPILATION_MODE = wholemodule;
				VALIDATE_PRODUCT = YES;
			};
			name = Release;
		};
		8E7FCC3C2B8A3852002FE4FE /* Debug */ = {
			isa = XCBuildConfiguration;
			buildSettings = {
				ASSETCATALOG_COMPILER_APPICON_NAME = AppIcon;
				ASSETCATALOG_COMPILER_GLOBAL_ACCENT_COLOR_NAME = AccentColor;
				CODE_SIGN_IDENTITY = "Apple Development";
				CODE_SIGN_STYLE = Automatic;
				CURRENT_PROJECT_VERSION = 1;
				DEVELOPMENT_TEAM = Y9MMLR84UF;
				GENERATE_INFOPLIST_FILE = YES;
				INFOPLIST_FILE = hotels/Info.plist;
				INFOPLIST_KEY_UIApplicationSupportsIndirectInputEvents = YES;
				INFOPLIST_KEY_UILaunchStoryboardName = "";
				INFOPLIST_KEY_UISupportedInterfaceOrientations = UIInterfaceOrientationPortrait;
				INFOPLIST_KEY_UISupportedInterfaceOrientations_iPad = "UIInterfaceOrientationLandscapeLeft UIInterfaceOrientationLandscapeRight UIInterfaceOrientationPortrait UIInterfaceOrientationPortraitUpsideDown";
				IPHONEOS_DEPLOYMENT_TARGET = 15.0;
				LD_RUNPATH_SEARCH_PATHS = (
					"$(inherited)",
					"@executable_path/Frameworks",
				);
				MARKETING_VERSION = 1.0;
				PRODUCT_BUNDLE_IDENTIFIER = com.ceesay.may.hotels;
				PRODUCT_NAME = "$(TARGET_NAME)";
				PROVISIONING_PROFILE_SPECIFIER = "";
				SUPPORTED_PLATFORMS = "iphoneos iphonesimulator";
				SUPPORTS_MACCATALYST = NO;
				SUPPORTS_MAC_DESIGNED_FOR_IPHONE_IPAD = NO;
				SWIFT_EMIT_LOC_STRINGS = YES;
				SWIFT_VERSION = 5.0;
				TARGETED_DEVICE_FAMILY = 1;
			};
			name = Debug;
		};
		8E7FCC3D2B8A3852002FE4FE /* Release */ = {
			isa = XCBuildConfiguration;
			buildSettings = {
				ASSETCATALOG_COMPILER_APPICON_NAME = AppIcon;
				ASSETCATALOG_COMPILER_GLOBAL_ACCENT_COLOR_NAME = AccentColor;
				CODE_SIGN_IDENTITY = "Apple Development";
				CODE_SIGN_STYLE = Automatic;
				CURRENT_PROJECT_VERSION = 1;
				DEVELOPMENT_TEAM = Y9MMLR84UF;
				GENERATE_INFOPLIST_FILE = YES;
				INFOPLIST_FILE = hotels/Info.plist;
				INFOPLIST_KEY_UIApplicationSupportsIndirectInputEvents = YES;
				INFOPLIST_KEY_UILaunchStoryboardName = "";
				INFOPLIST_KEY_UISupportedInterfaceOrientations = UIInterfaceOrientationPortrait;
				INFOPLIST_KEY_UISupportedInterfaceOrientations_iPad = "UIInterfaceOrientationLandscapeLeft UIInterfaceOrientationLandscapeRight UIInterfaceOrientationPortrait UIInterfaceOrientationPortraitUpsideDown";
				IPHONEOS_DEPLOYMENT_TARGET = 15.0;
				LD_RUNPATH_SEARCH_PATHS = (
					"$(inherited)",
					"@executable_path/Frameworks",
				);
				MARKETING_VERSION = 1.0;
				PRODUCT_BUNDLE_IDENTIFIER = com.ceesay.may.hotels;
				PRODUCT_NAME = "$(TARGET_NAME)";
				PROVISIONING_PROFILE_SPECIFIER = "";
				SUPPORTED_PLATFORMS = "iphoneos iphonesimulator";
				SUPPORTS_MACCATALYST = NO;
				SUPPORTS_MAC_DESIGNED_FOR_IPHONE_IPAD = NO;
				SWIFT_EMIT_LOC_STRINGS = YES;
				SWIFT_VERSION = 5.0;
				TARGETED_DEVICE_FAMILY = 1;
			};
			name = Release;
		};
/* End XCBuildConfiguration section */

/* Begin XCConfigurationList section */
		8E7FCC222B8A3851002FE4FE /* Build configuration list for PBXProject "hotels" */ = {
			isa = XCConfigurationList;
			buildConfigurations = (
				8E7FCC392B8A3852002FE4FE /* Debug */,
				8E7FCC3A2B8A3852002FE4FE /* Release */,
			);
			defaultConfigurationIsVisible = 0;
			defaultConfigurationName = Release;
		};
		8E7FCC3B2B8A3852002FE4FE /* Build configuration list for PBXNativeTarget "hotels" */ = {
			isa = XCConfigurationList;
			buildConfigurations = (
				8E7FCC3C2B8A3852002FE4FE /* Debug */,
				8E7FCC3D2B8A3852002FE4FE /* Release */,
			);
			defaultConfigurationIsVisible = 0;
			defaultConfigurationName = Release;
		};
/* End XCConfigurationList section */

/* Begin XCRemoteSwiftPackageReference section */
		8E7FCC402B8A794E002FE4FE /* XCRemoteSwiftPackageReference "SnapKit" */ = {
			isa = XCRemoteSwiftPackageReference;
			repositoryURL = "https://github.com/SnapKit/SnapKit.git";
			requirement = {
				kind = upToNextMajorVersion;
				minimumVersion = 5.7.1;
			};
		};
/* End XCRemoteSwiftPackageReference section */

/* Begin XCSwiftPackageProductDependency section */
		8E7FCC412B8A794E002FE4FE /* SnapKit */ = {
			isa = XCSwiftPackageProductDependency;
			package = 8E7FCC402B8A794E002FE4FE /* XCRemoteSwiftPackageReference "SnapKit" */;
			productName = SnapKit;
		};
		8E7FCC432B8A794E002FE4FE /* SnapKit-Dynamic */ = {
			isa = XCSwiftPackageProductDependency;
			package = 8E7FCC402B8A794E002FE4FE /* XCRemoteSwiftPackageReference "SnapKit" */;
			productName = "SnapKit-Dynamic";
		};
/* End XCSwiftPackageProductDependency section */
	};
	rootObject = 8E7FCC1F2B8A3851002FE4FE /* Project object */;
}
